
Microsoft Visual Studio Solution File, Format Version 12.00
# Visual Studio Version 17
VisualStudioVersion = 17.0.31903.59
MinimumVisualStudioVersion = 10.0.40219.1
Project("{FAE04EC0-301F-11D3-BF4B-00C04F79EFBC}") = "Tessera", "Tessera\Tessera.csproj", "{874E9776-97DB-4F01-A81B-AE38BC5F83B7}"
EndProject
Project("{FAE04EC0-301F-11D3-BF4B-00C04F79EFBC}") = "Tessera.Tests", "Tessera.Tests\Tessera.Tests.csproj", "{7B3A40CB-8825-4E81-9916-714D1AD126CE}"
EndProject
Project("{2150E333-8FDC-42A3-9474-1A3956D46DE8}") = "examples", "examples", "{B36A84DF-456D-A817-6EDD-3EC3E7F6E11F}"
EndProject
Project("{FAE04EC0-301F-11D3-BF4B-00C04F79EFBC}") = "PrivacyApps", "examples\PrivacyApps\PrivacyApps.csproj", "{6DDAE674-4D2A-4E77-91E2-47E49775B5BD}"
EndProject
Project("{FAE04EC0-301F-11D3-BF4B-00C04F79EFBC}") = "PrivacyApps.Tests", "examples\PrivacyApps.Tests\PrivacyApps.Tests.csproj", "{58A628DD-27CE-4C55-9690-5BC42A9CCAC4}"
EndProject
Project("{2150E333-8FDC-42A3-9474-1A3956D46DE8}") = "src", "src", "{827E0CD3-B72D-47B6-A68D-7590B98EB39B}"
EndProject
Project("{FAE04EC0-301F-11D3-BF4B-00C04F79EFBC}") = "Tessera.Core", "src\Tessera.Core\Tessera.Core.csproj", "{B2340473-7ED9-4474-A7F5-0D5B5521A7C9}"
EndProject
Project("{FAE04EC0-301F-11D3-BF4B-00C04F79EFBC}") = "Tessera.Chains.Abstractions", "src\Tessera.Chains.Abstractions\Tessera.Chains.Abstractions.csproj", "{E7E6FF18-CD0B-407F-9D4C-07F6497BF23C}"
EndProject
Project("{FAE04EC0-301F-11D3-BF4B-00C04F79EFBC}") = "Tessera.Did", "src\Tessera.Did\Tessera.Did.csproj", "{362C4AC8-F381-4B38-B3AB-A8DFF75D6722}"
EndProject
Project("{FAE04EC0-301F-11D3-BF4B-00C04F79EFBC}") = "Tessera.Did.Tests", "src\Tessera.Did.Tests\Tessera.Did.Tests.csproj", "{EB8A63FC-CC7A-4BB4-A084-C083B2EE7150}"
EndProject
Project("{FAE04EC0-301F-11D3-BF4B-00C04F79EFBC}") = "Tessera.Attestations", "src\Tessera.Attestations\Tessera.Attestations.csproj", "{B59F5A32-8809-4A97-91DE-75580BFD02B8}"
EndProject
Project("{FAE04EC0-301F-11D3-BF4B-00C04F79EFBC}") = "Tessera.Attestations.Tests", "src\Tessera.Attestations.Tests\Tessera.Attestations.Tests.csproj", "{8A656435-C0C1-4B4A-B4D3-0C740B24CEF7}"
EndProject
Project("{FAE04EC0-301F-11D3-BF4B-00C04F79EFBC}") = "Tessera.Cryptography", "src\Tessera.Cryptography\Tessera.Cryptography.csproj", "{A1B2C3D4-E5F6-7890-ABCD-EF1234567890}"
EndProject
Project("{FAE04EC0-301F-11D3-BF4B-00C04F79EFBC}") = "Tessera.Chains.Stellar", "src\Tessera.Chains.Stellar\Tessera.Chains.Stellar.csproj", "{B2C3D4E5-F6A7-8901-BCDE-F12345678901}"
EndProject
Project("{FAE04EC0-301F-11D3-BF4B-00C04F79EFBC}") = "Tessera.Chains.Solana", "src\Tessera.Chains.Solana\Tessera.Chains.Solana.csproj", "{C3D4E5F6-A7B8-9012-CDEF-123456789012}"
EndProject
Project("{FAE04EC0-301F-11D3-BF4B-00C04F79EFBC}") = "Tessera.Signing", "src\Tessera.Signing\Tessera.Signing.csproj", "{D4E5F6A7-B8C9-0123-DEF0-234567890123}"
EndProject
Project("{FAE04EC0-301F-11D3-BF4B-00C04F79EFBC}") = "Tessera.Signing.Tests", "src\Tessera.Signing.Tests\Tessera.Signing.Tests.csproj", "{E5F6A7B8-C9D0-1234-EF01-345678901234}"
EndProject
Project("{FAE04EC0-301F-11D3-BF4B-00C04F79EFBC}") = "Tessera.EntityFrameworkCore", "src\Tessera.EntityFrameworkCore\Tessera.EntityFrameworkCore.csproj", "{F6A7B8C9-D0E1-2345-F012-456789012345}"
EndProject
Project("{FAE04EC0-301F-11D3-BF4B-00C04F79EFBC}") = "Tessera.EntityFrameworkCore.Tests", "src\Tessera.EntityFrameworkCore.Tests\Tessera.EntityFrameworkCore.Tests.csproj", "{A7B8C9D0-E1F2-3456-0123-567890123456}"
EndProject
Project("{FAE04EC0-301F-11D3-BF4B-00C04F79EFBC}") = "Tessera.Chains.Solana.Tests", "src\Tessera.Chains.Solana.Tests\Tessera.Chains.Solana.Tests.csproj", "{B8C9D0E1-F2A3-4567-1234-678901234567}"
EndProject
Project("{FAE04EC0-301F-11D3-BF4B-00C04F79EFBC}") = "Tessera.Sdk", "src\Tessera.Sdk\Tessera.Sdk.csproj", "{C9D0E1F2-A3B4-5678-2345-789012345678}"
EndProject
Project("{FAE04EC0-301F-11D3-BF4B-00C04F79EFBC}") = "Tessera.Sdk.Tests", "src\Tessera.Sdk.Tests\Tessera.Sdk.Tests.csproj", "{D0E1F2A3-B4C5-6789-3456-890123456789}"
EndProject
Project("{FAE04EC0-301F-11D3-BF4B-00C04F79EFBC}") = "Tessera.Channels", "src\Tessera.Channels\Tessera.Channels.csproj", "{E1F2A3B4-C5D6-789A-4567-901234567890}"
EndProject
Project("{FAE04EC0-301F-11D3-BF4B-00C04F79EFBC}") = "Tessera.Channels.Tests", "src\Tessera.Channels.Tests\Tessera.Channels.Tests.csproj", "{F2A3B4C5-D6E7-89AB-5678-012345678901}"
EndProject
Global
	GlobalSection(SolutionConfigurationPlatforms) = preSolution
		Debug|Any CPU = Debug|Any CPU
		Debug|x64 = Debug|x64
		Debug|x86 = Debug|x86
		Release|Any CPU = Release|Any CPU
		Release|x64 = Release|x64
		Release|x86 = Release|x86
	EndGlobalSection
	GlobalSection(ProjectConfigurationPlatforms) = postSolution
		{874E9776-97DB-4F01-A81B-AE38BC5F83B7}.Debug|Any CPU.ActiveCfg = Debug|Any CPU
		{874E9776-97DB-4F01-A81B-AE38BC5F83B7}.Debug|Any CPU.Build.0 = Debug|Any CPU
		{874E9776-97DB-4F01-A81B-AE38BC5F83B7}.Debug|x64.ActiveCfg = Debug|Any CPU
		{874E9776-97DB-4F01-A81B-AE38BC5F83B7}.Debug|x64.Build.0 = Debug|Any CPU
		{874E9776-97DB-4F01-A81B-AE38BC5F83B7}.Debug|x86.ActiveCfg = Debug|Any CPU
		{874E9776-97DB-4F01-A81B-AE38BC5F83B7}.Debug|x86.Build.0 = Debug|Any CPU
		{874E9776-97DB-4F01-A81B-AE38BC5F83B7}.Release|Any CPU.ActiveCfg = Release|Any CPU
		{874E9776-97DB-4F01-A81B-AE38BC5F83B7}.Release|Any CPU.Build.0 = Release|Any CPU
		{874E9776-97DB-4F01-A81B-AE38BC5F83B7}.Release|x64.ActiveCfg = Release|Any CPU
		{874E9776-97DB-4F01-A81B-AE38BC5F83B7}.Release|x64.Build.0 = Release|Any CPU
		{874E9776-97DB-4F01-A81B-AE38BC5F83B7}.Release|x86.ActiveCfg = Release|Any CPU
		{874E9776-97DB-4F01-A81B-AE38BC5F83B7}.Release|x86.Build.0 = Release|Any CPU
		{7B3A40CB-8825-4E81-9916-714D1AD126CE}.Debug|Any CPU.ActiveCfg = Debug|Any CPU
		{7B3A40CB-8825-4E81-9916-714D1AD126CE}.Debug|Any CPU.Build.0 = Debug|Any CPU
		{7B3A40CB-8825-4E81-9916-714D1AD126CE}.Debug|x64.ActiveCfg = Debug|Any CPU
		{7B3A40CB-8825-4E81-9916-714D1AD126CE}.Debug|x64.Build.0 = Debug|Any CPU
		{7B3A40CB-8825-4E81-9916-714D1AD126CE}.Debug|x86.ActiveCfg = Debug|Any CPU
		{7B3A40CB-8825-4E81-9916-714D1AD126CE}.Debug|x86.Build.0 = Debug|Any CPU
		{7B3A40CB-8825-4E81-9916-714D1AD126CE}.Release|Any CPU.ActiveCfg = Release|Any CPU
		{7B3A40CB-8825-4E81-9916-714D1AD126CE}.Release|Any CPU.Build.0 = Release|Any CPU
		{7B3A40CB-8825-4E81-9916-714D1AD126CE}.Release|x64.ActiveCfg = Release|Any CPU
		{7B3A40CB-8825-4E81-9916-714D1AD126CE}.Release|x64.Build.0 = Release|Any CPU
		{7B3A40CB-8825-4E81-9916-714D1AD126CE}.Release|x86.ActiveCfg = Release|Any CPU
		{7B3A40CB-8825-4E81-9916-714D1AD126CE}.Release|x86.Build.0 = Release|Any CPU
		{6DDAE674-4D2A-4E77-91E2-47E49775B5BD}.Debug|Any CPU.ActiveCfg = Debug|Any CPU
		{6DDAE674-4D2A-4E77-91E2-47E49775B5BD}.Debug|Any CPU.Build.0 = Debug|Any CPU
		{6DDAE674-4D2A-4E77-91E2-47E49775B5BD}.Debug|x64.ActiveCfg = Debug|Any CPU
		{6DDAE674-4D2A-4E77-91E2-47E49775B5BD}.Debug|x64.Build.0 = Debug|Any CPU
		{6DDAE674-4D2A-4E77-91E2-47E49775B5BD}.Debug|x86.ActiveCfg = Debug|Any CPU
		{6DDAE674-4D2A-4E77-91E2-47E49775B5BD}.Debug|x86.Build.0 = Debug|Any CPU
		{6DDAE674-4D2A-4E77-91E2-47E49775B5BD}.Release|Any CPU.ActiveCfg = Release|Any CPU
		{6DDAE674-4D2A-4E77-91E2-47E49775B5BD}.Release|Any CPU.Build.0 = Release|Any CPU
		{6DDAE674-4D2A-4E77-91E2-47E49775B5BD}.Release|x64.ActiveCfg = Release|Any CPU
		{6DDAE674-4D2A-4E77-91E2-47E49775B5BD}.Release|x64.Build.0 = Release|Any CPU
		{6DDAE674-4D2A-4E77-91E2-47E49775B5BD}.Release|x86.ActiveCfg = Release|Any CPU
		{6DDAE674-4D2A-4E77-91E2-47E49775B5BD}.Release|x86.Build.0 = Release|Any CPU
		{58A628DD-27CE-4C55-9690-5BC42A9CCAC4}.Debug|Any CPU.ActiveCfg = Debug|Any CPU
		{58A628DD-27CE-4C55-9690-5BC42A9CCAC4}.Debug|Any CPU.Build.0 = Debug|Any CPU
		{58A628DD-27CE-4C55-9690-5BC42A9CCAC4}.Debug|x64.ActiveCfg = Debug|Any CPU
		{58A628DD-27CE-4C55-9690-5BC42A9CCAC4}.Debug|x64.Build.0 = Debug|Any CPU
		{58A628DD-27CE-4C55-9690-5BC42A9CCAC4}.Debug|x86.ActiveCfg = Debug|Any CPU
		{58A628DD-27CE-4C55-9690-5BC42A9CCAC4}.Debug|x86.Build.0 = Debug|Any CPU
		{58A628DD-27CE-4C55-9690-5BC42A9CCAC4}.Release|Any CPU.ActiveCfg = Release|Any CPU
		{58A628DD-27CE-4C55-9690-5BC42A9CCAC4}.Release|Any CPU.Build.0 = Release|Any CPU
		{58A628DD-27CE-4C55-9690-5BC42A9CCAC4}.Release|x64.ActiveCfg = Release|Any CPU
		{58A628DD-27CE-4C55-9690-5BC42A9CCAC4}.Release|x64.Build.0 = Release|Any CPU
		{58A628DD-27CE-4C55-9690-5BC42A9CCAC4}.Release|x86.ActiveCfg = Release|Any CPU
		{58A628DD-27CE-4C55-9690-5BC42A9CCAC4}.Release|x86.Build.0 = Release|Any CPU
		{B2340473-7ED9-4474-A7F5-0D5B5521A7C9}.Debug|Any CPU.ActiveCfg = Debug|Any CPU
		{B2340473-7ED9-4474-A7F5-0D5B5521A7C9}.Debug|Any CPU.Build.0 = Debug|Any CPU
		{B2340473-7ED9-4474-A7F5-0D5B5521A7C9}.Debug|x64.ActiveCfg = Debug|Any CPU
		{B2340473-7ED9-4474-A7F5-0D5B5521A7C9}.Debug|x64.Build.0 = Debug|Any CPU
		{B2340473-7ED9-4474-A7F5-0D5B5521A7C9}.Debug|x86.ActiveCfg = Debug|Any CPU
		{B2340473-7ED9-4474-A7F5-0D5B5521A7C9}.Debug|x86.Build.0 = Debug|Any CPU
		{B2340473-7ED9-4474-A7F5-0D5B5521A7C9}.Release|Any CPU.ActiveCfg = Release|Any CPU
		{B2340473-7ED9-4474-A7F5-0D5B5521A7C9}.Release|Any CPU.Build.0 = Release|Any CPU
		{B2340473-7ED9-4474-A7F5-0D5B5521A7C9}.Release|x64.ActiveCfg = Release|Any CPU
		{B2340473-7ED9-4474-A7F5-0D5B5521A7C9}.Release|x64.Build.0 = Release|Any CPU
		{B2340473-7ED9-4474-A7F5-0D5B5521A7C9}.Release|x86.ActiveCfg = Release|Any CPU
		{B2340473-7ED9-4474-A7F5-0D5B5521A7C9}.Release|x86.Build.0 = Release|Any CPU
		{E7E6FF18-CD0B-407F-9D4C-07F6497BF23C}.Debug|Any CPU.ActiveCfg = Debug|Any CPU
		{E7E6FF18-CD0B-407F-9D4C-07F6497BF23C}.Debug|Any CPU.Build.0 = Debug|Any CPU
		{E7E6FF18-CD0B-407F-9D4C-07F6497BF23C}.Debug|x64.ActiveCfg = Debug|Any CPU
		{E7E6FF18-CD0B-407F-9D4C-07F6497BF23C}.Debug|x64.Build.0 = Debug|Any CPU
		{E7E6FF18-CD0B-407F-9D4C-07F6497BF23C}.Debug|x86.ActiveCfg = Debug|Any CPU
		{E7E6FF18-CD0B-407F-9D4C-07F6497BF23C}.Debug|x86.Build.0 = Debug|Any CPU
		{E7E6FF18-CD0B-407F-9D4C-07F6497BF23C}.Release|Any CPU.ActiveCfg = Release|Any CPU
		{E7E6FF18-CD0B-407F-9D4C-07F6497BF23C}.Release|Any CPU.Build.0 = Release|Any CPU
		{E7E6FF18-CD0B-407F-9D4C-07F6497BF23C}.Release|x64.ActiveCfg = Release|Any CPU
		{E7E6FF18-CD0B-407F-9D4C-07F6497BF23C}.Release|x64.Build.0 = Release|Any CPU
		{E7E6FF18-CD0B-407F-9D4C-07F6497BF23C}.Release|x86.ActiveCfg = Release|Any CPU
		{E7E6FF18-CD0B-407F-9D4C-07F6497BF23C}.Release|x86.Build.0 = Release|Any CPU
		{362C4AC8-F381-4B38-B3AB-A8DFF75D6722}.Debug|Any CPU.ActiveCfg = Debug|Any CPU
		{362C4AC8-F381-4B38-B3AB-A8DFF75D6722}.Debug|Any CPU.Build.0 = Debug|Any CPU
		{362C4AC8-F381-4B38-B3AB-A8DFF75D6722}.Debug|x64.ActiveCfg = Debug|Any CPU
		{362C4AC8-F381-4B38-B3AB-A8DFF75D6722}.Debug|x64.Build.0 = Debug|Any CPU
		{362C4AC8-F381-4B38-B3AB-A8DFF75D6722}.Debug|x86.ActiveCfg = Debug|Any CPU
		{362C4AC8-F381-4B38-B3AB-A8DFF75D6722}.Debug|x86.Build.0 = Debug|Any CPU
		{362C4AC8-F381-4B38-B3AB-A8DFF75D6722}.Release|Any CPU.ActiveCfg = Release|Any CPU
		{362C4AC8-F381-4B38-B3AB-A8DFF75D6722}.Release|Any CPU.Build.0 = Release|Any CPU
		{362C4AC8-F381-4B38-B3AB-A8DFF75D6722}.Release|x64.ActiveCfg = Release|Any CPU
		{362C4AC8-F381-4B38-B3AB-A8DFF75D6722}.Release|x64.Build.0 = Release|Any CPU
		{362C4AC8-F381-4B38-B3AB-A8DFF75D6722}.Release|x86.ActiveCfg = Release|Any CPU
		{362C4AC8-F381-4B38-B3AB-A8DFF75D6722}.Release|x86.Build.0 = Release|Any CPU
		{EB8A63FC-CC7A-4BB4-A084-C083B2EE7150}.Debug|Any CPU.ActiveCfg = Debug|Any CPU
		{EB8A63FC-CC7A-4BB4-A084-C083B2EE7150}.Debug|Any CPU.Build.0 = Debug|Any CPU
		{EB8A63FC-CC7A-4BB4-A084-C083B2EE7150}.Debug|x64.ActiveCfg = Debug|Any CPU
		{EB8A63FC-CC7A-4BB4-A084-C083B2EE7150}.Debug|x64.Build.0 = Debug|Any CPU
		{EB8A63FC-CC7A-4BB4-A084-C083B2EE7150}.Debug|x86.ActiveCfg = Debug|Any CPU
		{EB8A63FC-CC7A-4BB4-A084-C083B2EE7150}.Debug|x86.Build.0 = Debug|Any CPU
		{EB8A63FC-CC7A-4BB4-A084-C083B2EE7150}.Release|Any CPU.ActiveCfg = Release|Any CPU
		{EB8A63FC-CC7A-4BB4-A084-C083B2EE7150}.Release|Any CPU.Build.0 = Release|Any CPU
		{EB8A63FC-CC7A-4BB4-A084-C083B2EE7150}.Release|x64.ActiveCfg = Release|Any CPU
		{EB8A63FC-CC7A-4BB4-A084-C083B2EE7150}.Release|x64.Build.0 = Release|Any CPU
		{EB8A63FC-CC7A-4BB4-A084-C083B2EE7150}.Release|x86.ActiveCfg = Release|Any CPU
		{EB8A63FC-CC7A-4BB4-A084-C083B2EE7150}.Release|x86.Build.0 = Release|Any CPU
		{B59F5A32-8809-4A97-91DE-75580BFD02B8}.Debug|Any CPU.ActiveCfg = Debug|Any CPU
		{B59F5A32-8809-4A97-91DE-75580BFD02B8}.Debug|Any CPU.Build.0 = Debug|Any CPU
		{B59F5A32-8809-4A97-91DE-75580BFD02B8}.Debug|x64.ActiveCfg = Debug|Any CPU
		{B59F5A32-8809-4A97-91DE-75580BFD02B8}.Debug|x64.Build.0 = Debug|Any CPU
		{B59F5A32-8809-4A97-91DE-75580BFD02B8}.Debug|x86.ActiveCfg = Debug|Any CPU
		{B59F5A32-8809-4A97-91DE-75580BFD02B8}.Debug|x86.Build.0 = Debug|Any CPU
		{B59F5A32-8809-4A97-91DE-75580BFD02B8}.Release|Any CPU.ActiveCfg = Release|Any CPU
		{B59F5A32-8809-4A97-91DE-75580BFD02B8}.Release|Any CPU.Build.0 = Release|Any CPU
		{B59F5A32-8809-4A97-91DE-75580BFD02B8}.Release|x64.ActiveCfg = Release|Any CPU
		{B59F5A32-8809-4A97-91DE-75580BFD02B8}.Release|x64.Build.0 = Release|Any CPU
		{B59F5A32-8809-4A97-91DE-75580BFD02B8}.Release|x86.ActiveCfg = Release|Any CPU
		{B59F5A32-8809-4A97-91DE-75580BFD02B8}.Release|x86.Build.0 = Release|Any CPU
		{8A656435-C0C1-4B4A-B4D3-0C740B24CEF7}.Debug|Any CPU.ActiveCfg = Debug|Any CPU
		{8A656435-C0C1-4B4A-B4D3-0C740B24CEF7}.Debug|Any CPU.Build.0 = Debug|Any CPU
		{8A656435-C0C1-4B4A-B4D3-0C740B24CEF7}.Debug|x64.ActiveCfg = Debug|Any CPU
		{8A656435-C0C1-4B4A-B4D3-0C740B24CEF7}.Debug|x64.Build.0 = Debug|Any CPU
		{8A656435-C0C1-4B4A-B4D3-0C740B24CEF7}.Debug|x86.ActiveCfg = Debug|Any CPU
		{8A656435-C0C1-4B4A-B4D3-0C740B24CEF7}.Debug|x86.Build.0 = Debug|Any CPU
		{8A656435-C0C1-4B4A-B4D3-0C740B24CEF7}.Release|Any CPU.ActiveCfg = Release|Any CPU
		{8A656435-C0C1-4B4A-B4D3-0C740B24CEF7}.Release|Any CPU.Build.0 = Release|Any CPU
		{8A656435-C0C1-4B4A-B4D3-0C740B24CEF7}.Release|x64.ActiveCfg = Release|Any CPU
		{8A656435-C0C1-4B4A-B4D3-0C740B24CEF7}.Release|x64.Build.0 = Release|Any CPU
		{8A656435-C0C1-4B4A-B4D3-0C740B24CEF7}.Release|x86.ActiveCfg = Release|Any CPU
		{8A656435-C0C1-4B4A-B4D3-0C740B24CEF7}.Release|x86.Build.0 = Release|Any CPU
		{A1B2C3D4-E5F6-7890-ABCD-EF1234567890}.Debug|Any CPU.ActiveCfg = Debug|Any CPU
		{A1B2C3D4-E5F6-7890-ABCD-EF1234567890}.Debug|Any CPU.Build.0 = Debug|Any CPU
		{A1B2C3D4-E5F6-7890-ABCD-EF1234567890}.Debug|x64.ActiveCfg = Debug|Any CPU
		{A1B2C3D4-E5F6-7890-ABCD-EF1234567890}.Debug|x86.ActiveCfg = Debug|Any CPU
		{A1B2C3D4-E5F6-7890-ABCD-EF1234567890}.Release|Any CPU.ActiveCfg = Release|Any CPU
		{A1B2C3D4-E5F6-7890-ABCD-EF1234567890}.Release|Any CPU.Build.0 = Release|Any CPU
		{A1B2C3D4-E5F6-7890-ABCD-EF1234567890}.Release|x64.ActiveCfg = Release|Any CPU
		{A1B2C3D4-E5F6-7890-ABCD-EF1234567890}.Release|x86.ActiveCfg = Release|Any CPU
		{B2C3D4E5-F6A7-8901-BCDE-F12345678901}.Debug|Any CPU.ActiveCfg = Debug|Any CPU
		{B2C3D4E5-F6A7-8901-BCDE-F12345678901}.Debug|Any CPU.Build.0 = Debug|Any CPU
		{B2C3D4E5-F6A7-8901-BCDE-F12345678901}.Debug|x64.ActiveCfg = Debug|Any CPU
		{B2C3D4E5-F6A7-8901-BCDE-F12345678901}.Debug|x86.ActiveCfg = Debug|Any CPU
		{B2C3D4E5-F6A7-8901-BCDE-F12345678901}.Release|Any CPU.ActiveCfg = Release|Any CPU
		{B2C3D4E5-F6A7-8901-BCDE-F12345678901}.Release|Any CPU.Build.0 = Release|Any CPU
		{B2C3D4E5-F6A7-8901-BCDE-F12345678901}.Release|x64.ActiveCfg = Release|Any CPU
		{B2C3D4E5-F6A7-8901-BCDE-F12345678901}.Release|x86.ActiveCfg = Release|Any CPU
		{C3D4E5F6-A7B8-9012-CDEF-123456789012}.Debug|Any CPU.ActiveCfg = Debug|Any CPU
		{C3D4E5F6-A7B8-9012-CDEF-123456789012}.Debug|Any CPU.Build.0 = Debug|Any CPU
		{C3D4E5F6-A7B8-9012-CDEF-123456789012}.Debug|x64.ActiveCfg = Debug|Any CPU
		{C3D4E5F6-A7B8-9012-CDEF-123456789012}.Debug|x86.ActiveCfg = Debug|Any CPU
		{C3D4E5F6-A7B8-9012-CDEF-123456789012}.Release|Any CPU.ActiveCfg = Release|Any CPU
		{C3D4E5F6-A7B8-9012-CDEF-123456789012}.Release|Any CPU.Build.0 = Release|Any CPU
		{C3D4E5F6-A7B8-9012-CDEF-123456789012}.Release|x64.ActiveCfg = Release|Any CPU
		{C3D4E5F6-A7B8-9012-CDEF-123456789012}.Release|x86.ActiveCfg = Release|Any CPU
		{D4E5F6A7-B8C9-0123-DEF0-234567890123}.Debug|Any CPU.ActiveCfg = Debug|Any CPU
		{D4E5F6A7-B8C9-0123-DEF0-234567890123}.Debug|Any CPU.Build.0 = Debug|Any CPU
		{D4E5F6A7-B8C9-0123-DEF0-234567890123}.Debug|x64.ActiveCfg = Debug|Any CPU
		{D4E5F6A7-B8C9-0123-DEF0-234567890123}.Debug|x86.ActiveCfg = Debug|Any CPU
		{D4E5F6A7-B8C9-0123-DEF0-234567890123}.Release|Any CPU.ActiveCfg = Release|Any CPU
		{D4E5F6A7-B8C9-0123-DEF0-234567890123}.Release|Any CPU.Build.0 = Release|Any CPU
		{D4E5F6A7-B8C9-0123-DEF0-234567890123}.Release|x64.ActiveCfg = Release|Any CPU
		{D4E5F6A7-B8C9-0123-DEF0-234567890123}.Release|x86.ActiveCfg = Release|Any CPU
		{E5F6A7B8-C9D0-1234-EF01-345678901234}.Debug|Any CPU.ActiveCfg = Debug|Any CPU
		{E5F6A7B8-C9D0-1234-EF01-345678901234}.Debug|Any CPU.Build.0 = Debug|Any CPU
		{E5F6A7B8-C9D0-1234-EF01-345678901234}.Debug|x64.ActiveCfg = Debug|Any CPU
		{E5F6A7B8-C9D0-1234-EF01-345678901234}.Debug|x86.ActiveCfg = Debug|Any CPU
		{E5F6A7B8-C9D0-1234-EF01-345678901234}.Release|Any CPU.ActiveCfg = Release|Any CPU
		{E5F6A7B8-C9D0-1234-EF01-345678901234}.Release|Any CPU.Build.0 = Release|Any CPU
		{E5F6A7B8-C9D0-1234-EF01-345678901234}.Release|x64.ActiveCfg = Release|Any CPU
		{E5F6A7B8-C9D0-1234-EF01-345678901234}.Release|x86.ActiveCfg = Release|Any CPU
		{F6A7B8C9-D0E1-2345-F012-456789012345}.Debug|Any CPU.ActiveCfg = Debug|Any CPU
		{F6A7B8C9-D0E1-2345-F012-456789012345}.Debug|Any CPU.Build.0 = Debug|Any CPU
		{F6A7B8C9-D0E1-2345-F012-456789012345}.Debug|x64.ActiveCfg = Debug|Any CPU
		{F6A7B8C9-D0E1-2345-F012-456789012345}.Debug|x86.ActiveCfg = Debug|Any CPU
		{F6A7B8C9-D0E1-2345-F012-456789012345}.Release|Any CPU.ActiveCfg = Release|Any CPU
		{F6A7B8C9-D0E1-2345-F012-456789012345}.Release|Any CPU.Build.0 = Release|Any CPU
		{F6A7B8C9-D0E1-2345-F012-456789012345}.Release|x64.ActiveCfg = Release|Any CPU
		{F6A7B8C9-D0E1-2345-F012-456789012345}.Release|x86.ActiveCfg = Release|Any CPU
		{A7B8C9D0-E1F2-3456-0123-567890123456}.Debug|Any CPU.ActiveCfg = Debug|Any CPU
		{A7B8C9D0-E1F2-3456-0123-567890123456}.Debug|Any CPU.Build.0 = Debug|Any CPU
		{A7B8C9D0-E1F2-3456-0123-567890123456}.Debug|x64.ActiveCfg = Debug|Any CPU
		{A7B8C9D0-E1F2-3456-0123-567890123456}.Debug|x86.ActiveCfg = Debug|Any CPU
		{A7B8C9D0-E1F2-3456-0123-567890123456}.Release|Any CPU.ActiveCfg = Release|Any CPU
		{A7B8C9D0-E1F2-3456-0123-567890123456}.Release|Any CPU.Build.0 = Release|Any CPU
		{A7B8C9D0-E1F2-3456-0123-567890123456}.Release|x64.ActiveCfg = Release|Any CPU
		{A7B8C9D0-E1F2-3456-0123-567890123456}.Release|x86.ActiveCfg = Release|Any CPU
		{B8C9D0E1-F2A3-4567-1234-678901234567}.Debug|Any CPU.ActiveCfg = Debug|Any CPU
		{B8C9D0E1-F2A3-4567-1234-678901234567}.Debug|Any CPU.Build.0 = Debug|Any CPU
		{B8C9D0E1-F2A3-4567-1234-678901234567}.Debug|x64.ActiveCfg = Debug|Any CPU
		{B8C9D0E1-F2A3-4567-1234-678901234567}.Debug|x86.ActiveCfg = Debug|Any CPU
		{B8C9D0E1-F2A3-4567-1234-678901234567}.Release|Any CPU.ActiveCfg = Release|Any CPU
		{B8C9D0E1-F2A3-4567-1234-678901234567}.Release|Any CPU.Build.0 = Release|Any CPU
		{B8C9D0E1-F2A3-4567-1234-678901234567}.Release|x64.ActiveCfg = Release|Any CPU
		{B8C9D0E1-F2A3-4567-1234-678901234567}.Release|x86.ActiveCfg = Release|Any CPU
		{C9D0E1F2-A3B4-5678-2345-789012345678}.Debug|Any CPU.ActiveCfg = Debug|Any CPU
		{C9D0E1F2-A3B4-5678-2345-789012345678}.Debug|Any CPU.Build.0 = Debug|Any CPU
		{C9D0E1F2-A3B4-5678-2345-789012345678}.Debug|x64.ActiveCfg = Debug|Any CPU
		{C9D0E1F2-A3B4-5678-2345-789012345678}.Debug|x86.ActiveCfg = Debug|Any CPU
		{C9D0E1F2-A3B4-5678-2345-789012345678}.Release|Any CPU.ActiveCfg = Release|Any CPU
		{C9D0E1F2-A3B4-5678-2345-789012345678}.Release|Any CPU.Build.0 = Release|Any CPU
		{C9D0E1F2-A3B4-5678-2345-789012345678}.Release|x64.ActiveCfg = Release|Any CPU
		{C9D0E1F2-A3B4-5678-2345-789012345678}.Release|x86.ActiveCfg = Release|Any CPU
		{D0E1F2A3-B4C5-6789-3456-890123456789}.Debug|Any CPU.ActiveCfg = Debug|Any CPU
		{D0E1F2A3-B4C5-6789-3456-890123456789}.Debug|Any CPU.Build.0 = Debug|Any CPU
		{D0E1F2A3-B4C5-6789-3456-890123456789}.Debug|x64.ActiveCfg = Debug|Any CPU
		{D0E1F2A3-B4C5-6789-3456-890123456789}.Debug|x86.ActiveCfg = Debug|Any CPU
		{D0E1F2A3-B4C5-6789-3456-890123456789}.Release|Any CPU.ActiveCfg = Release|Any CPU
		{D0E1F2A3-B4C5-6789-3456-890123456789}.Release|Any CPU.Build.0 = Release|Any CPU
		{D0E1F2A3-B4C5-6789-3456-890123456789}.Release|x64.ActiveCfg = Release|Any CPU
		{D0E1F2A3-B4C5-6789-3456-890123456789}.Release|x86.ActiveCfg = Release|Any CPU
		{E1F2A3B4-C5D6-789A-4567-901234567890}.Debug|Any CPU.ActiveCfg = Debug|Any CPU
		{E1F2A3B4-C5D6-789A-4567-901234567890}.Debug|Any CPU.Build.0 = Debug|Any CPU
		{E1F2A3B4-C5D6-789A-4567-901234567890}.Debug|x64.ActiveCfg = Debug|Any CPU
		{E1F2A3B4-C5D6-789A-4567-901234567890}.Debug|x86.ActiveCfg = Debug|Any CPU
		{E1F2A3B4-C5D6-789A-4567-901234567890}.Release|Any CPU.ActiveCfg = Release|Any CPU
		{E1F2A3B4-C5D6-789A-4567-901234567890}.Release|Any CPU.Build.0 = Release|Any CPU
		{E1F2A3B4-C5D6-789A-4567-901234567890}.Release|x64.ActiveCfg = Release|Any CPU
		{E1F2A3B4-C5D6-789A-4567-901234567890}.Release|x86.ActiveCfg = Release|Any CPU
		{F2A3B4C5-D6E7-89AB-5678-012345678901}.Debug|Any CPU.ActiveCfg = Debug|Any CPU
		{F2A3B4C5-D6E7-89AB-5678-012345678901}.Debug|Any CPU.Build.0 = Debug|Any CPU
		{F2A3B4C5-D6E7-89AB-5678-012345678901}.Debug|x64.ActiveCfg = Debug|Any CPU
		{F2A3B4C5-D6E7-89AB-5678-012345678901}.Debug|x86.ActiveCfg = Debug|Any CPU
		{F2A3B4C5-D6E7-89AB-5678-012345678901}.Release|Any CPU.ActiveCfg = Release|Any CPU
		{F2A3B4C5-D6E7-89AB-5678-012345678901}.Release|Any CPU.Build.0 = Release|Any CPU
		{F2A3B4C5-D6E7-89AB-5678-012345678901}.Release|x64.ActiveCfg = Release|Any CPU
		{F2A3B4C5-D6E7-89AB-5678-012345678901}.Release|x86.ActiveCfg = Release|Any CPU
	EndGlobalSection
	GlobalSection(SolutionProperties) = preSolution
		HideSolutionNode = FALSE
	EndGlobalSection
	GlobalSection(NestedProjects) = preSolution
		{6DDAE674-4D2A-4E77-91E2-47E49775B5BD} = {B36A84DF-456D-A817-6EDD-3EC3E7F6E11F}
		{58A628DD-27CE-4C55-9690-5BC42A9CCAC4} = {B36A84DF-456D-A817-6EDD-3EC3E7F6E11F}
		{B2340473-7ED9-4474-A7F5-0D5B5521A7C9} = {827E0CD3-B72D-47B6-A68D-7590B98EB39B}
		{E7E6FF18-CD0B-407F-9D4C-07F6497BF23C} = {827E0CD3-B72D-47B6-A68D-7590B98EB39B}
		{362C4AC8-F381-4B38-B3AB-A8DFF75D6722} = {827E0CD3-B72D-47B6-A68D-7590B98EB39B}
		{EB8A63FC-CC7A-4BB4-A084-C083B2EE7150} = {827E0CD3-B72D-47B6-A68D-7590B98EB39B}
		{B59F5A32-8809-4A97-91DE-75580BFD02B8} = {827E0CD3-B72D-47B6-A68D-7590B98EB39B}
		{8A656435-C0C1-4B4A-B4D3-0C740B24CEF7} = {827E0CD3-B72D-47B6-A68D-7590B98EB39B}
		{A1B2C3D4-E5F6-7890-ABCD-EF1234567890} = {827E0CD3-B72D-47B6-A68D-7590B98EB39B}
		{B2C3D4E5-F6A7-8901-BCDE-F12345678901} = {827E0CD3-B72D-47B6-A68D-7590B98EB39B}
		{C3D4E5F6-A7B8-9012-CDEF-123456789012} = {827E0CD3-B72D-47B6-A68D-7590B98EB39B}
		{D4E5F6A7-B8C9-0123-DEF0-234567890123} = {827E0CD3-B72D-47B6-A68D-7590B98EB39B}
		{E5F6A7B8-C9D0-1234-EF01-345678901234} = {827E0CD3-B72D-47B6-A68D-7590B98EB39B}
		{F6A7B8C9-D0E1-2345-F012-456789012345} = {827E0CD3-B72D-47B6-A68D-7590B98EB39B}
		{A7B8C9D0-E1F2-3456-0123-567890123456} = {827E0CD3-B72D-47B6-A68D-7590B98EB39B}
		{B8C9D0E1-F2A3-4567-1234-678901234567} = {827E0CD3-B72D-47B6-A68D-7590B98EB39B}
		{C9D0E1F2-A3B4-5678-2345-789012345678} = {827E0CD3-B72D-47B6-A68D-7590B98EB39B}
		{D0E1F2A3-B4C5-6789-3456-890123456789} = {827E0CD3-B72D-47B6-A68D-7590B98EB39B}
		{E1F2A3B4-C5D6-789A-4567-901234567890} = {827E0CD3-B72D-47B6-A68D-7590B98EB39B}
		{F2A3B4C5-D6E7-89AB-5678-012345678901} = {827E0CD3-B72D-47B6-A68D-7590B98EB39B}
	EndGlobalSection
EndGlobal
